
Microsoft Visual Studio Solution File, Format Version 12.00
Project("{FAE04EC0-301F-11D3-BF4B-00C04F79EFBC}") = "EveSquadron", "EveSquadron\EveSquadron.csproj", "{27F7FB05-1D2A-45B5-A403-76B20F8E9B0C}"
EndProject
Project("{FAE04EC0-301F-11D3-BF4B-00C04F79EFBC}") = "EveSquadronKillmailImporter", "EveSquadronKillmailImporter\EveSquadronKillmailImporter.csproj", "{5026ADA7-8FD3-4526-ADB6-D6CFF5D45BBC}"
EndProject
Global
	GlobalSection(SolutionConfigurationPlatforms) = preSolution
		Debug|Any CPU = Debug|Any CPU
		Release|Any CPU = Release|Any CPU
	EndGlobalSection
	GlobalSection(ProjectConfigurationPlatforms) = postSolution
		{27F7FB05-1D2A-45B5-A403-76B20F8E9B0C}.Debug|Any CPU.ActiveCfg = Debug|Any CPU
		{27F7FB05-1D2A-45B5-A403-76B20F8E9B0C}.Debug|Any CPU.Build.0 = Debug|Any CPU
		{27F7FB05-1D2A-45B5-A403-76B20F8E9B0C}.Release|Any CPU.ActiveCfg = Release|Any CPU
		{27F7FB05-1D2A-45B5-A403-76B20F8E9B0C}.Release|Any CPU.Build.0 = Release|Any CPU
		{5026ADA7-8FD3-4526-ADB6-D6CFF5D45BBC}.Debug|Any CPU.ActiveCfg = Debug|Any CPU
		{5026ADA7-8FD3-4526-ADB6-D6CFF5D45BBC}.Debug|Any CPU.Build.0 = Debug|Any CPU
		{5026ADA7-8FD3-4526-ADB6-D6CFF5D45BBC}.Release|Any CPU.ActiveCfg = Release|Any CPU
		{5026ADA7-8FD3-4526-ADB6-D6CFF5D45BBC}.Release|Any CPU.Build.0 = Release|Any CPU
	EndGlobalSection
EndGlobal
